// !$*UTF8*$!
{
	archiveVersion = 1;
	classes = {
	};
	objectVersion = 56;
	objects = {

/* Begin PBXBuildFile section */
		DE0935E12977C83E00FE7979 /* FileModel.swift in Sources */ = {isa = PBXBuildFile; fileRef = DE0935E02977C83E00FE7979 /* FileModel.swift */; };
		DE87272F2959850500E5F6AD /* Assets.xcassets in Resources */ = {isa = PBXBuildFile; fileRef = DE8727292959850500E5F6AD /* Assets.xcassets */; };
		DE8727302959850500E5F6AD /* Preview Assets.xcassets in Resources */ = {isa = PBXBuildFile; fileRef = DE87272B2959850500E5F6AD /* Preview Assets.xcassets */; };
		DE8727312959850500E5F6AD /* WebP_ExpressApp.swift in Sources */ = {isa = PBXBuildFile; fileRef = DE87272C2959850500E5F6AD /* WebP_ExpressApp.swift */; };
		DE8727322959850500E5F6AD /* ContentView.swift in Sources */ = {isa = PBXBuildFile; fileRef = DE87272D2959850500E5F6AD /* ContentView.swift */; };
		DE8727352959988000E5F6AD /* README.md in Resources */ = {isa = PBXBuildFile; fileRef = DE8727342959988000E5F6AD /* README.md */; };
		DE87B3652959456A00FFDBD7 /* WebP in Frameworks */ = {isa = PBXBuildFile; productRef = DE87B3642959456A00FFDBD7 /* WebP */; };
/* End PBXBuildFile section */

/* Begin PBXCopyFilesBuildPhase section */
		DE7BB073295934CD0077FF41 /* Embed Frameworks */ = {
			isa = PBXCopyFilesBuildPhase;
			buildActionMask = 2147483647;
			dstPath = "";
			dstSubfolderSpec = 10;
			files = (
			);
			name = "Embed Frameworks";
			runOnlyForDeploymentPostprocessing = 0;
		};
/* End PBXCopyFilesBuildPhase section */

/* Begin PBXFileReference section */
		DE0935E02977C83E00FE7979 /* FileModel.swift */ = {isa = PBXFileReference; lastKnownFileType = sourcecode.swift; path = FileModel.swift; sourceTree = "<group>"; };
		DE7BAC53295927D10077FF41 /* WebP Express.app */ = {isa = PBXFileReference; explicitFileType = wrapper.application; includeInIndex = 0; path = "WebP Express.app"; sourceTree = BUILT_PRODUCTS_DIR; };
		DE8727292959850500E5F6AD /* Assets.xcassets */ = {isa = PBXFileReference; lastKnownFileType = folder.assetcatalog; path = Assets.xcassets; sourceTree = "<group>"; };
		DE87272B2959850500E5F6AD /* Preview Assets.xcassets */ = {isa = PBXFileReference; lastKnownFileType = folder.assetcatalog; path = "Preview Assets.xcassets"; sourceTree = "<group>"; };
		DE87272C2959850500E5F6AD /* WebP_ExpressApp.swift */ = {isa = PBXFileReference; fileEncoding = 4; lastKnownFileType = sourcecode.swift; path = WebP_ExpressApp.swift; sourceTree = "<group>"; };
		DE87272D2959850500E5F6AD /* ContentView.swift */ = {isa = PBXFileReference; fileEncoding = 4; lastKnownFileType = sourcecode.swift; path = ContentView.swift; sourceTree = "<group>"; };
		DE872733295985AE00E5F6AD /* WebP_Express.entitlements */ = {isa = PBXFileReference; lastKnownFileType = text.plist.entitlements; path = WebP_Express.entitlements; sourceTree = "<group>"; };
		DE8727342959988000E5F6AD /* README.md */ = {isa = PBXFileReference; fileEncoding = 4; lastKnownFileType = net.daringfireball.markdown; path = README.md; sourceTree = "<group>"; };
/* End PBXFileReference section */

/* Begin PBXFrameworksBuildPhase section */
		DE7BAC50295927D10077FF41 /* Frameworks */ = {
			isa = PBXFrameworksBuildPhase;
			buildActionMask = 2147483647;
			files = (
				DE87B3652959456A00FFDBD7 /* WebP in Frameworks */,
			);
			runOnlyForDeploymentPostprocessing = 0;
		};
/* End PBXFrameworksBuildPhase section */

/* Begin PBXGroup section */
		DE7BAC4A295927D10077FF41 = {
			isa = PBXGroup;
			children = (
				DE8727342959988000E5F6AD /* README.md */,
				DE8727282959850500E5F6AD /* WebP Express */,
				DE7BAC54295927D10077FF41 /* Products */,
				DE7BB10F295938630077FF41 /* Frameworks */,
			);
			sourceTree = "<group>";
		};
		DE7BAC54295927D10077FF41 /* Products */ = {
			isa = PBXGroup;
			children = (
				DE7BAC53295927D10077FF41 /* WebP Express.app */,
			);
			name = Products;
			sourceTree = "<group>";
		};
		DE7BB10F295938630077FF41 /* Frameworks */ = {
			isa = PBXGroup;
			children = (
			);
			name = Frameworks;
			sourceTree = "<group>";
		};
		DE8727282959850500E5F6AD /* WebP Express */ = {
			isa = PBXGroup;
			children = (
				DE8727292959850500E5F6AD /* Assets.xcassets */,
				DE87272A2959850500E5F6AD /* Preview Content */,
				DE87272C2959850500E5F6AD /* WebP_ExpressApp.swift */,
				DE87272D2959850500E5F6AD /* ContentView.swift */,
				DE0935E02977C83E00FE7979 /* FileModel.swift */,
				DE872733295985AE00E5F6AD /* WebP_Express.entitlements */,
			);
			path = "WebP Express";
			sourceTree = "<group>";
		};
		DE87272A2959850500E5F6AD /* Preview Content */ = {
			isa = PBXGroup;
			children = (
				DE87272B2959850500E5F6AD /* Preview Assets.xcassets */,
			);
			path = "Preview Content";
			sourceTree = "<group>";
		};
/* End PBXGroup section */

/* Begin PBXNativeTarget section */
		DE7BAC52295927D10077FF41 /* WebP Express */ = {
			isa = PBXNativeTarget;
			buildConfigurationList = DE7BAC62295927D20077FF41 /* Build configuration list for PBXNativeTarget "WebP Express" */;
			buildPhases = (
				DE7BAC4F295927D10077FF41 /* Sources */,
				DE7BAC50295927D10077FF41 /* Frameworks */,
				DE7BAC51295927D10077FF41 /* Resources */,
				DE7BB073295934CD0077FF41 /* Embed Frameworks */,
			);
			buildRules = (
			);
			dependencies = (
			);
			name = "WebP Express";
			packageProductDependencies = (
				DE87B3642959456A00FFDBD7 /* WebP */,
			);
			productName = "WebP Test";
			productReference = DE7BAC53295927D10077FF41 /* WebP Express.app */;
			productType = "com.apple.product-type.application";
		};
/* End PBXNativeTarget section */

/* Begin PBXProject section */
		DE7BAC4B295927D10077FF41 /* Project object */ = {
			isa = PBXProject;
			attributes = {
				BuildIndependentTargetsInParallel = 1;
				LastSwiftUpdateCheck = 1420;
				LastUpgradeCheck = 1420;
				TargetAttributes = {
					DE7BAC52295927D10077FF41 = {
						CreatedOnToolsVersion = 14.2;
					};
				};
			};
			buildConfigurationList = DE7BAC4E295927D10077FF41 /* Build configuration list for PBXProject "WebP Express" */;
			compatibilityVersion = "Xcode 14.0";
			developmentRegion = en;
			hasScannedForEncodings = 0;
			knownRegions = (
				en,
				Base,
			);
			mainGroup = DE7BAC4A295927D10077FF41;
			packageReferences = (
				DE87B3632959456A00FFDBD7 /* XCRemoteSwiftPackageReference "Swift-WebP" */,
			);
			productRefGroup = DE7BAC54295927D10077FF41 /* Products */;
			projectDirPath = "";
			projectRoot = "";
			targets = (
				DE7BAC52295927D10077FF41 /* WebP Express */,
			);
		};
/* End PBXProject section */

/* Begin PBXResourcesBuildPhase section */
		DE7BAC51295927D10077FF41 /* Resources */ = {
			isa = PBXResourcesBuildPhase;
			buildActionMask = 2147483647;
			files = (
				DE8727352959988000E5F6AD /* README.md in Resources */,
				DE8727302959850500E5F6AD /* Preview Assets.xcassets in Resources */,
				DE87272F2959850500E5F6AD /* Assets.xcassets in Resources */,
			);
			runOnlyForDeploymentPostprocessing = 0;
		};
/* End PBXResourcesBuildPhase section */

/* Begin PBXSourcesBuildPhase section */
		DE7BAC4F295927D10077FF41 /* Sources */ = {
			isa = PBXSourcesBuildPhase;
			buildActionMask = 2147483647;
			files = (
				DE8727322959850500E5F6AD /* ContentView.swift in Sources */,
				DE0935E12977C83E00FE7979 /* FileModel.swift in Sources */,
				DE8727312959850500E5F6AD /* WebP_ExpressApp.swift in Sources */,
			);
			runOnlyForDeploymentPostprocessing = 0;
		};
/* End PBXSourcesBuildPhase section */

/* Begin XCBuildConfiguration section */
		DE7BAC60295927D20077FF41 /* Debug */ = {
			isa = XCBuildConfiguration;
			buildSettings = {
				ALWAYS_SEARCH_USER_PATHS = NO;
				CLANG_ANALYZER_NONNULL = YES;
				CLANG_ANALYZER_NUMBER_OBJECT_CONVERSION = YES_AGGRESSIVE;
				CLANG_CXX_LANGUAGE_STANDARD = "gnu++20";
				CLANG_ENABLE_MODULES = YES;
				CLANG_ENABLE_OBJC_ARC = YES;
				CLANG_ENABLE_OBJC_WEAK = YES;
				CLANG_WARN_BLOCK_CAPTURE_AUTORELEASING = YES;
				CLANG_WARN_BOOL_CONVERSION = YES;
				CLANG_WARN_COMMA = YES;
				CLANG_WARN_CONSTANT_CONVERSION = YES;
				CLANG_WARN_DEPRECATED_OBJC_IMPLEMENTATIONS = YES;
				CLANG_WARN_DIRECT_OBJC_ISA_USAGE = YES_ERROR;
				CLANG_WARN_DOCUMENTATION_COMMENTS = YES;
				CLANG_WARN_EMPTY_BODY = YES;
				CLANG_WARN_ENUM_CONVERSION = YES;
				CLANG_WARN_INFINITE_RECURSION = YES;
				CLANG_WARN_INT_CONVERSION = YES;
				CLANG_WARN_NON_LITERAL_NULL_CONVERSION = YES;
				CLANG_WARN_OBJC_IMPLICIT_RETAIN_SELF = YES;
				CLANG_WARN_OBJC_LITERAL_CONVERSION = YES;
				CLANG_WARN_OBJC_ROOT_CLASS = YES_ERROR;
				CLANG_WARN_QUOTED_INCLUDE_IN_FRAMEWORK_HEADER = YES;
				CLANG_WARN_RANGE_LOOP_ANALYSIS = YES;
				CLANG_WARN_STRICT_PROTOTYPES = YES;
				CLANG_WARN_SUSPICIOUS_MOVE = YES;
				CLANG_WARN_UNGUARDED_AVAILABILITY = YES_AGGRESSIVE;
				CLANG_WARN_UNREACHABLE_CODE = YES;
				CLANG_WARN__DUPLICATE_METHOD_MATCH = YES;
				COPY_PHASE_STRIP = NO;
				DEBUG_INFORMATION_FORMAT = dwarf;
				ENABLE_STRICT_OBJC_MSGSEND = YES;
				ENABLE_TESTABILITY = YES;
				GCC_C_LANGUAGE_STANDARD = gnu11;
				GCC_DYNAMIC_NO_PIC = NO;
				GCC_NO_COMMON_BLOCKS = YES;
				GCC_OPTIMIZATION_LEVEL = 0;
				GCC_PREPROCESSOR_DEFINITIONS = (
					"DEBUG=1",
					"$(inherited)",
				);
				GCC_WARN_64_TO_32_BIT_CONVERSION = YES;
				GCC_WARN_ABOUT_RETURN_TYPE = YES_ERROR;
				GCC_WARN_UNDECLARED_SELECTOR = YES;
				GCC_WARN_UNINITIALIZED_AUTOS = YES_AGGRESSIVE;
				GCC_WARN_UNUSED_FUNCTION = YES;
				GCC_WARN_UNUSED_VARIABLE = YES;
				MACOSX_DEPLOYMENT_TARGET = 13.1;
				MTL_ENABLE_DEBUG_INFO = INCLUDE_SOURCE;
				MTL_FAST_MATH = YES;
				ONLY_ACTIVE_ARCH = YES;
				SDKROOT = macosx;
				SWIFT_ACTIVE_COMPILATION_CONDITIONS = DEBUG;
				SWIFT_OPTIMIZATION_LEVEL = "-Onone";
			};
			name = Debug;
		};
		DE7BAC61295927D20077FF41 /* Release */ = {
			isa = XCBuildConfiguration;
			buildSettings = {
				ALWAYS_SEARCH_USER_PATHS = NO;
				CLANG_ANALYZER_NONNULL = YES;
				CLANG_ANALYZER_NUMBER_OBJECT_CONVERSION = YES_AGGRESSIVE;
				CLANG_CXX_LANGUAGE_STANDARD = "gnu++20";
				CLANG_ENABLE_MODULES = YES;
				CLANG_ENABLE_OBJC_ARC = YES;
				CLANG_ENABLE_OBJC_WEAK = YES;
				CLANG_WARN_BLOCK_CAPTURE_AUTORELEASING = YES;
				CLANG_WARN_BOOL_CONVERSION = YES;
				CLANG_WARN_COMMA = YES;
				CLANG_WARN_CONSTANT_CONVERSION = YES;
				CLANG_WARN_DEPRECATED_OBJC_IMPLEMENTATIONS = YES;
				CLANG_WARN_DIRECT_OBJC_ISA_USAGE = YES_ERROR;
				CLANG_WARN_DOCUMENTATION_COMMENTS = YES;
				CLANG_WARN_EMPTY_BODY = YES;
				CLANG_WARN_ENUM_CONVERSION = YES;
				CLANG_WARN_INFINITE_RECURSION = YES;
				CLANG_WARN_INT_CONVERSION = YES;
				CLANG_WARN_NON_LITERAL_NULL_CONVERSION = YES;
				CLANG_WARN_OBJC_IMPLICIT_RETAIN_SELF = YES;
				CLANG_WARN_OBJC_LITERAL_CONVERSION = YES;
				CLANG_WARN_OBJC_ROOT_CLASS = YES_ERROR;
				CLANG_WARN_QUOTED_INCLUDE_IN_FRAMEWORK_HEADER = YES;
				CLANG_WARN_RANGE_LOOP_ANALYSIS = YES;
				CLANG_WARN_STRICT_PROTOTYPES = YES;
				CLANG_WARN_SUSPICIOUS_MOVE = YES;
				CLANG_WARN_UNGUARDED_AVAILABILITY = YES_AGGRESSIVE;
				CLANG_WARN_UNREACHABLE_CODE = YES;
				CLANG_WARN__DUPLICATE_METHOD_MATCH = YES;
				COPY_PHASE_STRIP = NO;
				DEBUG_INFORMATION_FORMAT = "dwarf-with-dsym";
				ENABLE_NS_ASSERTIONS = NO;
				ENABLE_STRICT_OBJC_MSGSEND = YES;
				GCC_C_LANGUAGE_STANDARD = gnu11;
				GCC_NO_COMMON_BLOCKS = YES;
				GCC_WARN_64_TO_32_BIT_CONVERSION = YES;
				GCC_WARN_ABOUT_RETURN_TYPE = YES_ERROR;
				GCC_WARN_UNDECLARED_SELECTOR = YES;
				GCC_WARN_UNINITIALIZED_AUTOS = YES_AGGRESSIVE;
				GCC_WARN_UNUSED_FUNCTION = YES;
				GCC_WARN_UNUSED_VARIABLE = YES;
				MACOSX_DEPLOYMENT_TARGET = 13.1;
				MTL_ENABLE_DEBUG_INFO = NO;
				MTL_FAST_MATH = YES;
				SDKROOT = macosx;
				SWIFT_COMPILATION_MODE = wholemodule;
				SWIFT_OPTIMIZATION_LEVEL = "-O";
			};
			name = Release;
		};
		DE7BAC63295927D20077FF41 /* Debug */ = {
			isa = XCBuildConfiguration;
			buildSettings = {
				ASSETCATALOG_COMPILER_APPICON_NAME = AppIcon;
				ASSETCATALOG_COMPILER_GLOBAL_ACCENT_COLOR_NAME = AccentColor;
				CLANG_ALLOW_NON_MODULAR_INCLUDES_IN_FRAMEWORK_MODULES = YES;
				CODE_SIGN_ENTITLEMENTS = "WebP Express/WebP_Express.entitlements";
				"CODE_SIGN_IDENTITY[sdk=macosx*]" = "-";
				CODE_SIGN_STYLE = Automatic;
				COMBINE_HIDPI_IMAGES = YES;
				CURRENT_PROJECT_VERSION = 1;
				DEVELOPMENT_ASSET_PATHS = "\"WebP Express/Preview Content\"";
				DEVELOPMENT_TEAM = ML4MC3F798;
				ENABLE_HARDENED_RUNTIME = YES;
				ENABLE_PREVIEWS = YES;
				GENERATE_INFOPLIST_FILE = YES;
				INFOPLIST_KEY_NSHumanReadableCopyright = "";
				LD_RUNPATH_SEARCH_PATHS = (
					"$(inherited)",
					"@executable_path/../Frameworks",
				);
				MARKETING_VERSION = 1.0;
				PRODUCT_BUNDLE_IDENTIFIER = "Ranoiaetep.WebP-Express";
				PRODUCT_NAME = "$(TARGET_NAME)";
				SWIFT_EMIT_LOC_STRINGS = YES;
				SWIFT_VERSION = 5.0;
			};
			name = Debug;
		};
		DE7BAC64295927D20077FF41 /* Release */ = {
			isa = XCBuildConfiguration;
			buildSettings = {
				ASSETCATALOG_COMPILER_APPICON_NAME = AppIcon;
				ASSETCATALOG_COMPILER_GLOBAL_ACCENT_COLOR_NAME = AccentColor;
				CLANG_ALLOW_NON_MODULAR_INCLUDES_IN_FRAMEWORK_MODULES = YES;
				CODE_SIGN_ENTITLEMENTS = "WebP Express/WebP_Express.entitlements";
				"CODE_SIGN_IDENTITY[sdk=macosx*]" = "-";
				CODE_SIGN_STYLE = Automatic;
				COMBINE_HIDPI_IMAGES = YES;
				CURRENT_PROJECT_VERSION = 1;
				DEVELOPMENT_ASSET_PATHS = "\"WebP Express/Preview Content\"";
				DEVELOPMENT_TEAM = ML4MC3F798;
				ENABLE_HARDENED_RUNTIME = YES;
				ENABLE_PREVIEWS = YES;
				GENERATE_INFOPLIST_FILE = YES;
				INFOPLIST_KEY_NSHumanReadableCopyright = "";
				LD_RUNPATH_SEARCH_PATHS = (
					"$(inherited)",
					"@executable_path/../Frameworks",
				);
				MARKETING_VERSION = 1.0;
				PRODUCT_BUNDLE_IDENTIFIER = "Ranoiaetep.WebP-Express";
				PRODUCT_NAME = "$(TARGET_NAME)";
				SWIFT_EMIT_LOC_STRINGS = YES;
				SWIFT_VERSION = 5.0;
			};
			name = Release;
		};
/* End XCBuildConfiguration section */

/* Begin XCConfigurationList section */
		DE7BAC4E295927D10077FF41 /* Build configuration list for PBXProject "WebP Express" */ = {
			isa = XCConfigurationList;
			buildConfigurations = (
				DE7BAC60295927D20077FF41 /* Debug */,
				DE7BAC61295927D20077FF41 /* Release */,
			);
			defaultConfigurationIsVisible = 0;
			defaultConfigurationName = Release;
		};
		DE7BAC62295927D20077FF41 /* Build configuration list for PBXNativeTarget "WebP Express" */ = {
			isa = XCConfigurationList;
			buildConfigurations = (
				DE7BAC63295927D20077FF41 /* Debug */,
				DE7BAC64295927D20077FF41 /* Release */,
			);
			defaultConfigurationIsVisible = 0;
			defaultConfigurationName = Release;
		};
/* End XCConfigurationList section */

/* Begin XCRemoteSwiftPackageReference section */
		DE87B3632959456A00FFDBD7 /* XCRemoteSwiftPackageReference "Swift-WebP" */ = {
			isa = XCRemoteSwiftPackageReference;
			repositoryURL = "https://github.com/ainame/Swift-WebP";
			requirement = {
				branch = master;
				kind = branch;
			};
		};
/* End XCRemoteSwiftPackageReference section */

/* Begin XCSwiftPackageProductDependency section */
		DE87B3642959456A00FFDBD7 /* WebP */ = {
			isa = XCSwiftPackageProductDependency;
			package = DE87B3632959456A00FFDBD7 /* XCRemoteSwiftPackageReference "Swift-WebP" */;
			productName = WebP;
		};
/* End XCSwiftPackageProductDependency section */
	};
	rootObject = DE7BAC4B295927D10077FF41 /* Project object */;
}
